
Microsoft Visual Studio Solution File, Format Version 12.00
# Visual Studio Version 17
VisualStudioVersion = 17.0.31903.59
MinimumVisualStudioVersion = 10.0.40219.1
Project("{FAE04EC0-301F-11D3-BF4B-00C04F79EFBC}") = "AstrolojiApp.Business", "AstrolojiApp.Business\AstrolojiApp.Business.csproj", "{736FCC9B-92E0-4534-A59D-0F73909770DC}"
EndProject
Project("{FAE04EC0-301F-11D3-BF4B-00C04F79EFBC}") = "AstrolojiApp.Data", "AstrolojiApp.Data\AstrolojiApp.Data.csproj", "{04D04646-0526-42FC-827C-491669BFACDA}"
EndProject
Project("{FAE04EC0-301F-11D3-BF4B-00C04F79EFBC}") = "AstrolojiApp.Entity", "AstrolojiApp.Entity\AstrolojiApp.Entity.csproj", "{3FB982BA-9298-4FE8-B133-C863C5D9F6F5}"
EndProject
Project("{FAE04EC0-301F-11D3-BF4B-00C04F79EFBC}") = "AstrolojiApp.Shared", "AstrolojiApp.Shared\AstrolojiApp.Shared.csproj", "{EC616190-8524-407E-99A3-6F664B97DB0B}"
EndProject
Project("{FAE04EC0-301F-11D3-BF4B-00C04F79EFBC}") = "AstrolojiApp.UI", "AstrolojiApp.UI\AstrolojiApp.UI.csproj", "{2E718951-651A-4256-ABEB-AE0CD989A514}"
EndProject
Global
	GlobalSection(SolutionConfigurationPlatforms) = preSolution
		Debug|Any CPU = Debug|Any CPU
		Release|Any CPU = Release|Any CPU
	EndGlobalSection
	GlobalSection(ProjectConfigurationPlatforms) = postSolution
		{736FCC9B-92E0-4534-A59D-0F73909770DC}.Debug|Any CPU.ActiveCfg = Debug|Any CPU
		{736FCC9B-92E0-4534-A59D-0F73909770DC}.Debug|Any CPU.Build.0 = Debug|Any CPU
		{736FCC9B-92E0-4534-A59D-0F73909770DC}.Release|Any CPU.ActiveCfg = Release|Any CPU
		{736FCC9B-92E0-4534-A59D-0F73909770DC}.Release|Any CPU.Build.0 = Release|Any CPU
		{04D04646-0526-42FC-827C-491669BFACDA}.Debug|Any CPU.ActiveCfg = Debug|Any CPU
		{04D04646-0526-42FC-827C-491669BFACDA}.Debug|Any CPU.Build.0 = Debug|Any CPU
		{04D04646-0526-42FC-827C-491669BFACDA}.Release|Any CPU.ActiveCfg = Release|Any CPU
		{04D04646-0526-42FC-827C-491669BFACDA}.Release|Any CPU.Build.0 = Release|Any CPU
		{3FB982BA-9298-4FE8-B133-C863C5D9F6F5}.Debug|Any CPU.ActiveCfg = Debug|Any CPU
		{3FB982BA-9298-4FE8-B133-C863C5D9F6F5}.Debug|Any CPU.Build.0 = Debug|Any CPU
		{3FB982BA-9298-4FE8-B133-C863C5D9F6F5}.Release|Any CPU.ActiveCfg = Release|Any CPU
		{3FB982BA-9298-4FE8-B133-C863C5D9F6F5}.Release|Any CPU.Build.0 = Release|Any CPU
		{EC616190-8524-407E-99A3-6F664B97DB0B}.Debug|Any CPU.ActiveCfg = Debug|Any CPU
		{EC616190-8524-407E-99A3-6F664B97DB0B}.Debug|Any CPU.Build.0 = Debug|Any CPU
		{EC616190-8524-407E-99A3-6F664B97DB0B}.Release|Any CPU.ActiveCfg = Release|Any CPU
		{EC616190-8524-407E-99A3-6F664B97DB0B}.Release|Any CPU.Build.0 = Release|Any CPU
		{2E718951-651A-4256-ABEB-AE0CD989A514}.Debug|Any CPU.ActiveCfg = Debug|Any CPU
		{2E718951-651A-4256-ABEB-AE0CD989A514}.Debug|Any CPU.Build.0 = Debug|Any CPU
		{2E718951-651A-4256-ABEB-AE0CD989A514}.Release|Any CPU.ActiveCfg = Release|Any CPU
		{2E718951-651A-4256-ABEB-AE0CD989A514}.Release|Any CPU.Build.0 = Release|Any CPU
	EndGlobalSection
	GlobalSection(SolutionProperties) = preSolution
		HideSolutionNode = FALSE
	EndGlobalSection
EndGlobal
